// !$*UTF8*$!
{
	archiveVersion = 1;
	classes = {
	};
	objectVersion = 50;
	objects = {

/* Begin PBXBuildFile section */
		8DDCC710243CAC92003CA212 /* MealViewController.swift in Sources */ = {isa = PBXBuildFile; fileRef = 8DDCC70F243CAC92003CA212 /* MealViewController.swift */; };
		C44D146A243655BA0094497A /* AppDelegate.swift in Sources */ = {isa = PBXBuildFile; fileRef = C44D1469243655BA0094497A /* AppDelegate.swift */; };
		C44D146C243655BA0094497A /* SceneDelegate.swift in Sources */ = {isa = PBXBuildFile; fileRef = C44D146B243655BA0094497A /* SceneDelegate.swift */; };
		C44D146E243655BA0094497A /* ViewController.swift in Sources */ = {isa = PBXBuildFile; fileRef = C44D146D243655BA0094497A /* ViewController.swift */; };
		C44D1471243655BA0094497A /* Main.storyboard in Resources */ = {isa = PBXBuildFile; fileRef = C44D146F243655BA0094497A /* Main.storyboard */; };
		C44D1474243655BA0094497A /* App.xcdatamodeld in Sources */ = {isa = PBXBuildFile; fileRef = C44D1472243655BA0094497A /* App.xcdatamodeld */; };
		C44D1476243655BC0094497A /* Assets.xcassets in Resources */ = {isa = PBXBuildFile; fileRef = C44D1475243655BC0094497A /* Assets.xcassets */; };
		C44D1479243655BC0094497A /* LaunchScreen.storyboard in Resources */ = {isa = PBXBuildFile; fileRef = C44D1477243655BC0094497A /* LaunchScreen.storyboard */; };
		C44D1484243655BC0094497A /* AppTests.swift in Sources */ = {isa = PBXBuildFile; fileRef = C44D1483243655BC0094497A /* AppTests.swift */; };
		C44D148F243655BC0094497A /* AppUITests.swift in Sources */ = {isa = PBXBuildFile; fileRef = C44D148E243655BC0094497A /* AppUITests.swift */; };
		C44D149D243657BC0094497A /* Profile.storyboard in Resources */ = {isa = PBXBuildFile; fileRef = C44D149C243657BC0094497A /* Profile.storyboard */; };
		C44D149F243657E70094497A /* Diary.storyboard in Resources */ = {isa = PBXBuildFile; fileRef = C44D149E243657E70094497A /* Diary.storyboard */; };
		C44D14A1243657FF0094497A /* Settings.storyboard in Resources */ = {isa = PBXBuildFile; fileRef = C44D14A0243657FF0094497A /* Settings.storyboard */; };
		C44D14A3243658680094497A /* Meals.storyboard in Resources */ = {isa = PBXBuildFile; fileRef = C44D14A2243658680094497A /* Meals.storyboard */; };
/* End PBXBuildFile section */

/* Begin PBXContainerItemProxy section */
		C44D1480243655BC0094497A /* PBXContainerItemProxy */ = {
			isa = PBXContainerItemProxy;
			containerPortal = C44D145E243655BA0094497A /* Project object */;
			proxyType = 1;
			remoteGlobalIDString = C44D1465243655BA0094497A;
			remoteInfo = App;
		};
		C44D148B243655BC0094497A /* PBXContainerItemProxy */ = {
			isa = PBXContainerItemProxy;
			containerPortal = C44D145E243655BA0094497A /* Project object */;
			proxyType = 1;
			remoteGlobalIDString = C44D1465243655BA0094497A;
			remoteInfo = App;
		};
/* End PBXContainerItemProxy section */

/* Begin PBXFileReference section */
		8DDCC70F243CAC92003CA212 /* MealViewController.swift */ = {isa = PBXFileReference; lastKnownFileType = sourcecode.swift; path = MealViewController.swift; sourceTree = "<group>"; };
		C44D1466243655BA0094497A /* App.app */ = {isa = PBXFileReference; explicitFileType = wrapper.application; includeInIndex = 0; path = App.app; sourceTree = BUILT_PRODUCTS_DIR; };
		C44D1469243655BA0094497A /* AppDelegate.swift */ = {isa = PBXFileReference; lastKnownFileType = sourcecode.swift; path = AppDelegate.swift; sourceTree = "<group>"; };
		C44D146B243655BA0094497A /* SceneDelegate.swift */ = {isa = PBXFileReference; lastKnownFileType = sourcecode.swift; path = SceneDelegate.swift; sourceTree = "<group>"; };
		C44D146D243655BA0094497A /* ViewController.swift */ = {isa = PBXFileReference; lastKnownFileType = sourcecode.swift; path = ViewController.swift; sourceTree = "<group>"; };
		C44D1470243655BA0094497A /* Base */ = {isa = PBXFileReference; lastKnownFileType = file.storyboard; name = Base; path = Base.lproj/Main.storyboard; sourceTree = "<group>"; };
		C44D1473243655BA0094497A /* App.xcdatamodel */ = {isa = PBXFileReference; lastKnownFileType = wrapper.xcdatamodel; path = App.xcdatamodel; sourceTree = "<group>"; };
		C44D1475243655BC0094497A /* Assets.xcassets */ = {isa = PBXFileReference; lastKnownFileType = folder.assetcatalog; path = Assets.xcassets; sourceTree = "<group>"; };
		C44D1478243655BC0094497A /* Base */ = {isa = PBXFileReference; lastKnownFileType = file.storyboard; name = Base; path = Base.lproj/LaunchScreen.storyboard; sourceTree = "<group>"; };
		C44D147A243655BC0094497A /* Info.plist */ = {isa = PBXFileReference; lastKnownFileType = text.plist.xml; path = Info.plist; sourceTree = "<group>"; };
		C44D147F243655BC0094497A /* AppTests.xctest */ = {isa = PBXFileReference; explicitFileType = wrapper.cfbundle; includeInIndex = 0; path = AppTests.xctest; sourceTree = BUILT_PRODUCTS_DIR; };
		C44D1483243655BC0094497A /* AppTests.swift */ = {isa = PBXFileReference; lastKnownFileType = sourcecode.swift; path = AppTests.swift; sourceTree = "<group>"; };
		C44D1485243655BC0094497A /* Info.plist */ = {isa = PBXFileReference; lastKnownFileType = text.plist.xml; path = Info.plist; sourceTree = "<group>"; };
		C44D148A243655BC0094497A /* AppUITests.xctest */ = {isa = PBXFileReference; explicitFileType = wrapper.cfbundle; includeInIndex = 0; path = AppUITests.xctest; sourceTree = BUILT_PRODUCTS_DIR; };
		C44D148E243655BC0094497A /* AppUITests.swift */ = {isa = PBXFileReference; lastKnownFileType = sourcecode.swift; path = AppUITests.swift; sourceTree = "<group>"; };
		C44D1490243655BC0094497A /* Info.plist */ = {isa = PBXFileReference; lastKnownFileType = text.plist.xml; path = Info.plist; sourceTree = "<group>"; };
		C44D149C243657BC0094497A /* Profile.storyboard */ = {isa = PBXFileReference; lastKnownFileType = file.storyboard; path = Profile.storyboard; sourceTree = "<group>"; };
		C44D149E243657E70094497A /* Diary.storyboard */ = {isa = PBXFileReference; lastKnownFileType = file.storyboard; path = Diary.storyboard; sourceTree = "<group>"; };
		C44D14A0243657FF0094497A /* Settings.storyboard */ = {isa = PBXFileReference; lastKnownFileType = file.storyboard; path = Settings.storyboard; sourceTree = "<group>"; };
		C44D14A2243658680094497A /* Meals.storyboard */ = {isa = PBXFileReference; lastKnownFileType = file.storyboard; path = Meals.storyboard; sourceTree = "<group>"; };
/* End PBXFileReference section */

/* Begin PBXFrameworksBuildPhase section */
		C44D1463243655BA0094497A /* Frameworks */ = {
			isa = PBXFrameworksBuildPhase;
			buildActionMask = 2147483647;
			files = (
			);
			runOnlyForDeploymentPostprocessing = 0;
		};
		C44D147C243655BC0094497A /* Frameworks */ = {
			isa = PBXFrameworksBuildPhase;
			buildActionMask = 2147483647;
			files = (
			);
			runOnlyForDeploymentPostprocessing = 0;
		};
		C44D1487243655BC0094497A /* Frameworks */ = {
			isa = PBXFrameworksBuildPhase;
			buildActionMask = 2147483647;
			files = (
			);
			runOnlyForDeploymentPostprocessing = 0;
		};
/* End PBXFrameworksBuildPhase section */

/* Begin PBXGroup section */
		81568ADE243B74EB00734FCA /* Models */ = {
			isa = PBXGroup;
			children = (
			);
			path = Models;
			sourceTree = "<group>";
		};
		81568ADF243B74F600734FCA /* Controllers */ = {
			isa = PBXGroup;
			children = (
				C44D146D243655BA0094497A /* ViewController.swift */,
				8DDCC70F243CAC92003CA212 /* MealViewController.swift */,
			);
			path = Controllers;
			sourceTree = "<group>";
		};
		81568AE0243B74FD00734FCA /* Views */ = {
			isa = PBXGroup;
			children = (
				C44D1477243655BC0094497A /* LaunchScreen.storyboard */,
				C44D146F243655BA0094497A /* Main.storyboard */,
				C44D149C243657BC0094497A /* Profile.storyboard */,
				C44D149E243657E70094497A /* Diary.storyboard */,
				C44D14A0243657FF0094497A /* Settings.storyboard */,
				C44D14A2243658680094497A /* Meals.storyboard */,
			);
			path = Views;
			sourceTree = "<group>";
		};
		C44D145D243655BA0094497A = {
			isa = PBXGroup;
			children = (
				C44D1468243655BA0094497A /* App */,
				C44D1482243655BC0094497A /* AppTests */,
				C44D148D243655BC0094497A /* AppUITests */,
				C44D1467243655BA0094497A /* Products */,
			);
			sourceTree = "<group>";
		};
		C44D1467243655BA0094497A /* Products */ = {
			isa = PBXGroup;
			children = (
				C44D1466243655BA0094497A /* App.app */,
				C44D147F243655BC0094497A /* AppTests.xctest */,
				C44D148A243655BC0094497A /* AppUITests.xctest */,
			);
			name = Products;
			sourceTree = "<group>";
		};
		C44D1468243655BA0094497A /* App */ = {
			isa = PBXGroup;
			children = (
				81568AE0243B74FD00734FCA /* Views */,
				81568ADF243B74F600734FCA /* Controllers */,
				81568ADE243B74EB00734FCA /* Models */,
				C44D1469243655BA0094497A /* AppDelegate.swift */,
				C44D146B243655BA0094497A /* SceneDelegate.swift */,
				C44D1475243655BC0094497A /* Assets.xcassets */,
				C44D147A243655BC0094497A /* Info.plist */,
				C44D1472243655BA0094497A /* App.xcdatamodeld */,
			);
			path = App;
			sourceTree = "<group>";
		};
		C44D1482243655BC0094497A /* AppTests */ = {
			isa = PBXGroup;
			children = (
				C44D1483243655BC0094497A /* AppTests.swift */,
				C44D1485243655BC0094497A /* Info.plist */,
			);
			path = AppTests;
			sourceTree = "<group>";
		};
		C44D148D243655BC0094497A /* AppUITests */ = {
			isa = PBXGroup;
			children = (
				C44D148E243655BC0094497A /* AppUITests.swift */,
				C44D1490243655BC0094497A /* Info.plist */,
			);
			path = AppUITests;
			sourceTree = "<group>";
		};
/* End PBXGroup section */

/* Begin PBXNativeTarget section */
		C44D1465243655BA0094497A /* App */ = {
			isa = PBXNativeTarget;
			buildConfigurationList = C44D1493243655BC0094497A /* Build configuration list for PBXNativeTarget "App" */;
			buildPhases = (
				C44D1462243655BA0094497A /* Sources */,
				C44D1463243655BA0094497A /* Frameworks */,
				C44D1464243655BA0094497A /* Resources */,
			);
			buildRules = (
			);
			dependencies = (
			);
			name = App;
			productName = App;
			productReference = C44D1466243655BA0094497A /* App.app */;
			productType = "com.apple.product-type.application";
		};
		C44D147E243655BC0094497A /* AppTests */ = {
			isa = PBXNativeTarget;
			buildConfigurationList = C44D1496243655BC0094497A /* Build configuration list for PBXNativeTarget "AppTests" */;
			buildPhases = (
				C44D147B243655BC0094497A /* Sources */,
				C44D147C243655BC0094497A /* Frameworks */,
				C44D147D243655BC0094497A /* Resources */,
			);
			buildRules = (
			);
			dependencies = (
				C44D1481243655BC0094497A /* PBXTargetDependency */,
			);
			name = AppTests;
			productName = AppTests;
			productReference = C44D147F243655BC0094497A /* AppTests.xctest */;
			productType = "com.apple.product-type.bundle.unit-test";
		};
		C44D1489243655BC0094497A /* AppUITests */ = {
			isa = PBXNativeTarget;
			buildConfigurationList = C44D1499243655BC0094497A /* Build configuration list for PBXNativeTarget "AppUITests" */;
			buildPhases = (
				C44D1486243655BC0094497A /* Sources */,
				C44D1487243655BC0094497A /* Frameworks */,
				C44D1488243655BC0094497A /* Resources */,
			);
			buildRules = (
			);
			dependencies = (
				C44D148C243655BC0094497A /* PBXTargetDependency */,
			);
			name = AppUITests;
			productName = AppUITests;
			productReference = C44D148A243655BC0094497A /* AppUITests.xctest */;
			productType = "com.apple.product-type.bundle.ui-testing";
		};
/* End PBXNativeTarget section */

/* Begin PBXProject section */
		C44D145E243655BA0094497A /* Project object */ = {
			isa = PBXProject;
			attributes = {
				LastSwiftUpdateCheck = 1120;
				LastUpgradeCheck = 1120;
				ORGANIZATIONNAME = "Joao Flores";
				TargetAttributes = {
					C44D1465243655BA0094497A = {
						CreatedOnToolsVersion = 11.2.1;
					};
					C44D147E243655BC0094497A = {
						CreatedOnToolsVersion = 11.2.1;
						TestTargetID = C44D1465243655BA0094497A;
					};
					C44D1489243655BC0094497A = {
						CreatedOnToolsVersion = 11.2.1;
						TestTargetID = C44D1465243655BA0094497A;
					};
				};
			};
			buildConfigurationList = C44D1461243655BA0094497A /* Build configuration list for PBXProject "App" */;
			compatibilityVersion = "Xcode 9.3";
			developmentRegion = en;
			hasScannedForEncodings = 0;
			knownRegions = (
				en,
				Base,
			);
			mainGroup = C44D145D243655BA0094497A;
			productRefGroup = C44D1467243655BA0094497A /* Products */;
			projectDirPath = "";
			projectRoot = "";
			targets = (
				C44D1465243655BA0094497A /* App */,
				C44D147E243655BC0094497A /* AppTests */,
				C44D1489243655BC0094497A /* AppUITests */,
			);
		};
/* End PBXProject section */

/* Begin PBXResourcesBuildPhase section */
		C44D1464243655BA0094497A /* Resources */ = {
			isa = PBXResourcesBuildPhase;
			buildActionMask = 2147483647;
			files = (
				C44D1479243655BC0094497A /* LaunchScreen.storyboard in Resources */,
				C44D1476243655BC0094497A /* Assets.xcassets in Resources */,
				C44D14A3243658680094497A /* Meals.storyboard in Resources */,
				C44D149D243657BC0094497A /* Profile.storyboard in Resources */,
				C44D14A1243657FF0094497A /* Settings.storyboard in Resources */,
				C44D1471243655BA0094497A /* Main.storyboard in Resources */,
				C44D149F243657E70094497A /* Diary.storyboard in Resources */,
			);
			runOnlyForDeploymentPostprocessing = 0;
		};
		C44D147D243655BC0094497A /* Resources */ = {
			isa = PBXResourcesBuildPhase;
			buildActionMask = 2147483647;
			files = (
			);
			runOnlyForDeploymentPostprocessing = 0;
		};
		C44D1488243655BC0094497A /* Resources */ = {
			isa = PBXResourcesBuildPhase;
			buildActionMask = 2147483647;
			files = (
			);
			runOnlyForDeploymentPostprocessing = 0;
		};
/* End PBXResourcesBuildPhase section */

/* Begin PBXSourcesBuildPhase section */
		C44D1462243655BA0094497A /* Sources */ = {
			isa = PBXSourcesBuildPhase;
			buildActionMask = 2147483647;
			files = (
				C44D146E243655BA0094497A /* ViewController.swift in Sources */,
				8DDCC710243CAC92003CA212 /* MealViewController.swift in Sources */,
				C44D1474243655BA0094497A /* App.xcdatamodeld in Sources */,
				C44D146A243655BA0094497A /* AppDelegate.swift in Sources */,
				C44D146C243655BA0094497A /* SceneDelegate.swift in Sources */,
			);
			runOnlyForDeploymentPostprocessing = 0;
		};
		C44D147B243655BC0094497A /* Sources */ = {
			isa = PBXSourcesBuildPhase;
			buildActionMask = 2147483647;
			files = (
				C44D1484243655BC0094497A /* AppTests.swift in Sources */,
			);
			runOnlyForDeploymentPostprocessing = 0;
		};
		C44D1486243655BC0094497A /* Sources */ = {
			isa = PBXSourcesBuildPhase;
			buildActionMask = 2147483647;
			files = (
				C44D148F243655BC0094497A /* AppUITests.swift in Sources */,
			);
			runOnlyForDeploymentPostprocessing = 0;
		};
/* End PBXSourcesBuildPhase section */

/* Begin PBXTargetDependency section */
		C44D1481243655BC0094497A /* PBXTargetDependency */ = {
			isa = PBXTargetDependency;
			target = C44D1465243655BA0094497A /* App */;
			targetProxy = C44D1480243655BC0094497A /* PBXContainerItemProxy */;
		};
		C44D148C243655BC0094497A /* PBXTargetDependency */ = {
			isa = PBXTargetDependency;
			target = C44D1465243655BA0094497A /* App */;
			targetProxy = C44D148B243655BC0094497A /* PBXContainerItemProxy */;
		};
/* End PBXTargetDependency section */

/* Begin PBXVariantGroup section */
		C44D146F243655BA0094497A /* Main.storyboard */ = {
			isa = PBXVariantGroup;
			children = (
				C44D1470243655BA0094497A /* Base */,
			);
			name = Main.storyboard;
			sourceTree = "<group>";
		};
		C44D1477243655BC0094497A /* LaunchScreen.storyboard */ = {
			isa = PBXVariantGroup;
			children = (
				C44D1478243655BC0094497A /* Base */,
			);
			name = LaunchScreen.storyboard;
			sourceTree = "<group>";
		};
/* End PBXVariantGroup section */

/* Begin XCBuildConfiguration section */
		C44D1491243655BC0094497A /* Debug */ = {
			isa = XCBuildConfiguration;
			buildSettings = {
				ALWAYS_SEARCH_USER_PATHS = NO;
				CLANG_ANALYZER_NONNULL = YES;
				CLANG_ANALYZER_NUMBER_OBJECT_CONVERSION = YES_AGGRESSIVE;
				CLANG_CXX_LANGUAGE_STANDARD = "gnu++14";
				CLANG_CXX_LIBRARY = "libc++";
				CLANG_ENABLE_MODULES = YES;
				CLANG_ENABLE_OBJC_ARC = YES;
				CLANG_ENABLE_OBJC_WEAK = YES;
				CLANG_WARN_BLOCK_CAPTURE_AUTORELEASING = YES;
				CLANG_WARN_BOOL_CONVERSION = YES;
				CLANG_WARN_COMMA = YES;
				CLANG_WARN_CONSTANT_CONVERSION = YES;
				CLANG_WARN_DEPRECATED_OBJC_IMPLEMENTATIONS = YES;
				CLANG_WARN_DIRECT_OBJC_ISA_USAGE = YES_ERROR;
				CLANG_WARN_DOCUMENTATION_COMMENTS = YES;
				CLANG_WARN_EMPTY_BODY = YES;
				CLANG_WARN_ENUM_CONVERSION = YES;
				CLANG_WARN_INFINITE_RECURSION = YES;
				CLANG_WARN_INT_CONVERSION = YES;
				CLANG_WARN_NON_LITERAL_NULL_CONVERSION = YES;
				CLANG_WARN_OBJC_IMPLICIT_RETAIN_SELF = YES;
				CLANG_WARN_OBJC_LITERAL_CONVERSION = YES;
				CLANG_WARN_OBJC_ROOT_CLASS = YES_ERROR;
				CLANG_WARN_RANGE_LOOP_ANALYSIS = YES;
				CLANG_WARN_STRICT_PROTOTYPES = YES;
				CLANG_WARN_SUSPICIOUS_MOVE = YES;
				CLANG_WARN_UNGUARDED_AVAILABILITY = YES_AGGRESSIVE;
				CLANG_WARN_UNREACHABLE_CODE = YES;
				CLANG_WARN__DUPLICATE_METHOD_MATCH = YES;
				COPY_PHASE_STRIP = NO;
				DEBUG_INFORMATION_FORMAT = dwarf;
				ENABLE_STRICT_OBJC_MSGSEND = YES;
				ENABLE_TESTABILITY = YES;
				GCC_C_LANGUAGE_STANDARD = gnu11;
				GCC_DYNAMIC_NO_PIC = NO;
				GCC_NO_COMMON_BLOCKS = YES;
				GCC_OPTIMIZATION_LEVEL = 0;
				GCC_PREPROCESSOR_DEFINITIONS = (
					"DEBUG=1",
					"$(inherited)",
				);
				GCC_WARN_64_TO_32_BIT_CONVERSION = YES;
				GCC_WARN_ABOUT_RETURN_TYPE = YES_ERROR;
				GCC_WARN_UNDECLARED_SELECTOR = YES;
				GCC_WARN_UNINITIALIZED_AUTOS = YES_AGGRESSIVE;
				GCC_WARN_UNUSED_FUNCTION = YES;
				GCC_WARN_UNUSED_VARIABLE = YES;
				IPHONEOS_DEPLOYMENT_TARGET = 13.2;
				MTL_ENABLE_DEBUG_INFO = INCLUDE_SOURCE;
				MTL_FAST_MATH = YES;
				ONLY_ACTIVE_ARCH = YES;
				SDKROOT = iphoneos;
				SWIFT_ACTIVE_COMPILATION_CONDITIONS = DEBUG;
				SWIFT_OPTIMIZATION_LEVEL = "-Onone";
			};
			name = Debug;
		};
		C44D1492243655BC0094497A /* Release */ = {
			isa = XCBuildConfiguration;
			buildSettings = {
				ALWAYS_SEARCH_USER_PATHS = NO;
				CLANG_ANALYZER_NONNULL = YES;
				CLANG_ANALYZER_NUMBER_OBJECT_CONVERSION = YES_AGGRESSIVE;
				CLANG_CXX_LANGUAGE_STANDARD = "gnu++14";
				CLANG_CXX_LIBRARY = "libc++";
				CLANG_ENABLE_MODULES = YES;
				CLANG_ENABLE_OBJC_ARC = YES;
				CLANG_ENABLE_OBJC_WEAK = YES;
				CLANG_WARN_BLOCK_CAPTURE_AUTORELEASING = YES;
				CLANG_WARN_BOOL_CONVERSION = YES;
				CLANG_WARN_COMMA = YES;
				CLANG_WARN_CONSTANT_CONVERSION = YES;
				CLANG_WARN_DEPRECATED_OBJC_IMPLEMENTATIONS = YES;
				CLANG_WARN_DIRECT_OBJC_ISA_USAGE = YES_ERROR;
				CLANG_WARN_DOCUMENTATION_COMMENTS = YES;
				CLANG_WARN_EMPTY_BODY = YES;
				CLANG_WARN_ENUM_CONVERSION = YES;
				CLANG_WARN_INFINITE_RECURSION = YES;
				CLANG_WARN_INT_CONVERSION = YES;
				CLANG_WARN_NON_LITERAL_NULL_CONVERSION = YES;
				CLANG_WARN_OBJC_IMPLICIT_RETAIN_SELF = YES;
				CLANG_WARN_OBJC_LITERAL_CONVERSION = YES;
				CLANG_WARN_OBJC_ROOT_CLASS = YES_ERROR;
				CLANG_WARN_RANGE_LOOP_ANALYSIS = YES;
				CLANG_WARN_STRICT_PROTOTYPES = YES;
				CLANG_WARN_SUSPICIOUS_MOVE = YES;
				CLANG_WARN_UNGUARDED_AVAILABILITY = YES_AGGRESSIVE;
				CLANG_WARN_UNREACHABLE_CODE = YES;
				CLANG_WARN__DUPLICATE_METHOD_MATCH = YES;
				COPY_PHASE_STRIP = NO;
				DEBUG_INFORMATION_FORMAT = "dwarf-with-dsym";
				ENABLE_NS_ASSERTIONS = NO;
				ENABLE_STRICT_OBJC_MSGSEND = YES;
				GCC_C_LANGUAGE_STANDARD = gnu11;
				GCC_NO_COMMON_BLOCKS = YES;
				GCC_WARN_64_TO_32_BIT_CONVERSION = YES;
				GCC_WARN_ABOUT_RETURN_TYPE = YES_ERROR;
				GCC_WARN_UNDECLARED_SELECTOR = YES;
				GCC_WARN_UNINITIALIZED_AUTOS = YES_AGGRESSIVE;
				GCC_WARN_UNUSED_FUNCTION = YES;
				GCC_WARN_UNUSED_VARIABLE = YES;
				IPHONEOS_DEPLOYMENT_TARGET = 13.2;
				MTL_ENABLE_DEBUG_INFO = NO;
				MTL_FAST_MATH = YES;
				SDKROOT = iphoneos;
				SWIFT_COMPILATION_MODE = wholemodule;
				SWIFT_OPTIMIZATION_LEVEL = "-O";
				VALIDATE_PRODUCT = YES;
			};
			name = Release;
		};
		C44D1494243655BC0094497A /* Debug */ = {
			isa = XCBuildConfiguration;
			buildSettings = {
				ASSETCATALOG_COMPILER_APPICON_NAME = AppIcon;
				CODE_SIGN_STYLE = Automatic;
				DEVELOPMENT_TEAM = HHRZ35A37Y;
				INFOPLIST_FILE = App/Info.plist;
				IPHONEOS_DEPLOYMENT_TARGET = 13.2;
				LD_RUNPATH_SEARCH_PATHS = (
					"$(inherited)",
					"@executable_path/Frameworks",
				);
				PRODUCT_BUNDLE_IDENTIFIER = joaoFlores.App;
				PRODUCT_NAME = "$(TARGET_NAME)";
				SWIFT_VERSION = 5.0;
				TARGETED_DEVICE_FAMILY = "1,2";
			};
			name = Debug;
		};
		C44D1495243655BC0094497A /* Release */ = {
			isa = XCBuildConfiguration;
			buildSettings = {
				ASSETCATALOG_COMPILER_APPICON_NAME = AppIcon;
				CODE_SIGN_STYLE = Automatic;
				DEVELOPMENT_TEAM = HHRZ35A37Y;
				INFOPLIST_FILE = App/Info.plist;
				IPHONEOS_DEPLOYMENT_TARGET = 13.2;
				LD_RUNPATH_SEARCH_PATHS = (
					"$(inherited)",
					"@executable_path/Frameworks",
				);
				PRODUCT_BUNDLE_IDENTIFIER = joaoFlores.App;
				PRODUCT_NAME = "$(TARGET_NAME)";
				SWIFT_VERSION = 5.0;
				TARGETED_DEVICE_FAMILY = "1,2";
			};
			name = Release;
		};
		C44D1497243655BC0094497A /* Debug */ = {
			isa = XCBuildConfiguration;
			buildSettings = {
				ALWAYS_EMBED_SWIFT_STANDARD_LIBRARIES = YES;
				BUNDLE_LOADER = "$(TEST_HOST)";
				CODE_SIGN_STYLE = Automatic;
				DEVELOPMENT_TEAM = NZC6LC8NWM;
				INFOPLIST_FILE = AppTests/Info.plist;
				IPHONEOS_DEPLOYMENT_TARGET = 13.2;
				LD_RUNPATH_SEARCH_PATHS = (
					"$(inherited)",
					"@executable_path/Frameworks",
					"@loader_path/Frameworks",
				);
				PRODUCT_BUNDLE_IDENTIFIER = joaoFlores.AppTests;
				PRODUCT_NAME = "$(TARGET_NAME)";
				SWIFT_VERSION = 5.0;
				TARGETED_DEVICE_FAMILY = "1,2";
				TEST_HOST = "$(BUILT_PRODUCTS_DIR)/App.app/App";
			};
			name = Debug;
		};
		C44D1498243655BC0094497A /* Release */ = {
			isa = XCBuildConfiguration;
			buildSettings = {
				ALWAYS_EMBED_SWIFT_STANDARD_LIBRARIES = YES;
				BUNDLE_LOADER = "$(TEST_HOST)";
				CODE_SIGN_STYLE = Automatic;
				DEVELOPMENT_TEAM = NZC6LC8NWM;
				INFOPLIST_FILE = AppTests/Info.plist;
				IPHONEOS_DEPLOYMENT_TARGET = 13.2;
				LD_RUNPATH_SEARCH_PATHS = (
					"$(inherited)",
					"@executable_path/Frameworks",
					"@loader_path/Frameworks",
				);
				PRODUCT_BUNDLE_IDENTIFIER = joaoFlores.AppTests;
				PRODUCT_NAME = "$(TARGET_NAME)";
				SWIFT_VERSION = 5.0;
				TARGETED_DEVICE_FAMILY = "1,2";
				TEST_HOST = "$(BUILT_PRODUCTS_DIR)/App.app/App";
			};
			name = Release;
		};
		C44D149A243655BC0094497A /* Debug */ = {
			isa = XCBuildConfiguration;
			buildSettings = {
				ALWAYS_EMBED_SWIFT_STANDARD_LIBRARIES = YES;
				CODE_SIGN_STYLE = Automatic;
				DEVELOPMENT_TEAM = NZC6LC8NWM;
				INFOPLIST_FILE = AppUITests/Info.plist;
				LD_RUNPATH_SEARCH_PATHS = (
					"$(inherited)",
					"@executable_path/Frameworks",
					"@loader_path/Frameworks",
				);
				PRODUCT_BUNDLE_IDENTIFIER = joaoFlores.AppUITests;
				PRODUCT_NAME = "$(TARGET_NAME)";
				SWIFT_VERSION = 5.0;
				TARGETED_DEVICE_FAMILY = "1,2";
				TEST_TARGET_NAME = App;
			};
			name = Debug;
		};
		C44D149B243655BC0094497A /* Release */ = {
			isa = XCBuildConfiguration;
			buildSettings = {
				ALWAYS_EMBED_SWIFT_STANDARD_LIBRARIES = YES;
				CODE_SIGN_STYLE = Automatic;
				DEVELOPMENT_TEAM = NZC6LC8NWM;
				INFOPLIST_FILE = AppUITests/Info.plist;
				LD_RUNPATH_SEARCH_PATHS = (
					"$(inherited)",
					"@executable_path/Frameworks",
					"@loader_path/Frameworks",
				);
				PRODUCT_BUNDLE_IDENTIFIER = joaoFlores.AppUITests;
				PRODUCT_NAME = "$(TARGET_NAME)";
				SWIFT_VERSION = 5.0;
				TARGETED_DEVICE_FAMILY = "1,2";
				TEST_TARGET_NAME = App;
			};
			name = Release;
		};
/* End XCBuildConfiguration section */

/* Begin XCConfigurationList section */
		C44D1461243655BA0094497A /* Build configuration list for PBXProject "App" */ = {
			isa = XCConfigurationList;
			buildConfigurations = (
				C44D1491243655BC0094497A /* Debug */,
				C44D1492243655BC0094497A /* Release */,
			);
			defaultConfigurationIsVisible = 0;
			defaultConfigurationName = Release;
		};
		C44D1493243655BC0094497A /* Build configuration list for PBXNativeTarget "App" */ = {
			isa = XCConfigurationList;
			buildConfigurations = (
				C44D1494243655BC0094497A /* Debug */,
				C44D1495243655BC0094497A /* Release */,
			);
			defaultConfigurationIsVisible = 0;
			defaultConfigurationName = Release;
		};
		C44D1496243655BC0094497A /* Build configuration list for PBXNativeTarget "AppTests" */ = {
			isa = XCConfigurationList;
			buildConfigurations = (
				C44D1497243655BC0094497A /* Debug */,
				C44D1498243655BC0094497A /* Release */,
			);
			defaultConfigurationIsVisible = 0;
			defaultConfigurationName = Release;
		};
		C44D1499243655BC0094497A /* Build configuration list for PBXNativeTarget "AppUITests" */ = {
			isa = XCConfigurationList;
			buildConfigurations = (
				C44D149A243655BC0094497A /* Debug */,
				C44D149B243655BC0094497A /* Release */,
			);
			defaultConfigurationIsVisible = 0;
			defaultConfigurationName = Release;
		};
/* End XCConfigurationList section */

/* Begin XCVersionGroup section */
		C44D1472243655BA0094497A /* App.xcdatamodeld */ = {
			isa = XCVersionGroup;
			children = (
				C44D1473243655BA0094497A /* App.xcdatamodel */,
			);
			currentVersion = C44D1473243655BA0094497A /* App.xcdatamodel */;
			path = App.xcdatamodeld;
			sourceTree = "<group>";
			versionGroupType = wrapper.xcdatamodel;
		};
/* End XCVersionGroup section */
	};
	rootObject = C44D145E243655BA0094497A /* Project object */;
}
