PODS:
  - Charts (3.4.0):
    - Charts/Core (= 3.4.0)
  - Charts/Core (3.4.0)
  - Colours (5.13.0):
    - Colours/ObjC (= 5.13.0)
  - Colours/ObjC (5.13.0)
  - JTAppleCalendar (8.0.3)
  - R.swift (5.1.0):
    - R.swift.Library (~> 5.1.0)
  - R.swift.Library (5.1.0)
  - XJYChart (2.5.0):
    - Colours (= 5.13.0)

DEPENDENCIES:
  - Charts
  - JTAppleCalendar
  - R.swift
  - XJYChart

SPEC REPOS:
  trunk:
    - Charts
    - Colours
    - JTAppleCalendar
    - R.swift
    - R.swift.Library
    - XJYChart

SPEC CHECKSUMS:
  Charts: 74c9f256eaf0460c0c416522d1cf8c634ea6b286
  Colours: f24220c38f13deac88612667e9b4a7fb96b871d4
  JTAppleCalendar: 932cadea40b1051beab10f67843451d48ba16c99
  R.swift: 8cbc4fc69b740305b6a17c8a8ed968eb788962d9
  R.swift.Library: fa85ce1e0d0b7e818cd9e080df910ba54d2776cc
  XJYChart: ce3180be5e67b107c25f523e279ed5eb8dae1c34

PODFILE CHECKSUM: 031d40907ef12637e9af44f664e3ebb9f9e0d51b

COCOAPODS: 1.8.4
